# This file was autogenerated by Stack.
# You should not edit this file by hand.
# For more information, please see the documentation at:
#   https://docs.haskellstack.org/en/stable/lock_files

packages:
- completed:
    hackage: bytestring-trie-0.2.5.0@sha256:96498959cf2af0e3f1f3dfb526b78502c9fa8f21255a3506938ee2a26e61d653,3331
    pantry-tree:
      size: 705
      sha256: dfcfade8cc0eaafae73ef31de6ecfa5c348bbd3a8d514dda8c9e7cef74e41b87
  original:
    hackage: bytestring-trie-0.2.5.0
- completed:
    hackage: connection-0.3.1@sha256:65da1c055610095733bcd228d85dff80804b23a5d18fede994a0f9fcd1b0c121,1554
    pantry-tree:
      size: 386
      sha256: 13a2c21049e69068e4c3d725533d94729772f2d3e05f5ef611bef28363b08798
  original:
    hackage: connection-0.3.1
- completed:
    hackage: happy-1.19.9@sha256:f8c774230735a390c287b2980cfcd2703d24d8dde85a01ea721b7b4b4c82944f,4667
    pantry-tree:
      size: 7980
      sha256: 1f1d622f6e773e7a674da6364b755714c76c3fbb3c7a4e65deaf07242fc15211
  original:
    hackage: happy-1.19.9
- completed:
    hackage: language-javascript-0.6.0.13@sha256:06238479380c78a7e0fa19da6576fb1750f44c25235c942fd33af6f3969fef85,3899
    pantry-tree:
      size: 2242
      sha256: 233def9aae1c800a2c2d735ae1223bcdae90be2a23f08b2960c070b594964af5
  original:
    hackage: language-javascript-0.6.0.13
- completed:
    hackage: network-3.0.1.1@sha256:1a251b790ea98b6f7433f677958f921950780ba6f143d61ba8c0e3f7a9879097,4074
    pantry-tree:
      size: 3296
      sha256: 78e378780c998faaf4e32a16b98880220f502d8ef005f24d7ee0c99fb50636e6
  original:
    hackage: network-3.0.1.1
- completed:
    hackage: purescript-0.13.3@sha256:662f01c05be54ad8c9e35475c38f55aca2988705f261b67a71d6180957239ad1,61044
    pantry-tree:
      size: 94327
      sha256: b00dfdbfc1b60c381bbc92d8782cfb4b9dab8cf02e246b3d60aac7f024830ead
  original:
    hackage: purescript-0.13.3
- completed:
    hackage: socks-0.6.0@sha256:a058ee6b66da40a2365efcf44b4c06c96e58a23b150bd3f3d0f9f5cadc33f728,1318
    pantry-tree:
      size: 692
      sha256: 036f8eefaf2a473554c733ca838373b49c1b686eee4a8180741b8123d788dbc5
  original:
    hackage: socks-0.6.0
snapshots:
- completed:
    size: 499889
    url: https://raw.githubusercontent.com/commercialhaskell/stackage-snapshots/master/lts/13/26.yaml
    sha256: ecb02ee16829df8d7219e7d7fe6c310819820bf335b0b9534bce84d3ea896684
  original: lts-13.26
