# This file was autogenerated by Stack.
# You should not edit this file by hand.
# For more information, please see the documentation at:
#   https://docs.haskellstack.org/en/stable/lock_files

packages:
- completed:
    hackage: barrier-0.1.1@sha256:2021f84c3aba67bb635d72825d3bc0371942444dc014bc307b875071e29eea98,3931
    pantry-tree:
      size: 1695
      sha256: 2296d051562ead243beb831f20e216b44365e290ae76976cde7edd344e95bf29
  original:
    hackage: barrier-0.1.1
- completed:
    hackage: bytestring-trie-0.2.5.0@sha256:9efa9c6f556314d28486be2470ff789419c5238ed2e354870623a3cbbd28fbe2,3349
    pantry-tree:
      size: 705
      sha256: bdc13e00a60830edee41119af62b7203602377ccd81a6555c4fea95b0cb3a252
  original:
    hackage: bytestring-trie-0.2.5.0
- completed:
    hackage: classy-prelude-yesod-1.5.0@sha256:8f7e183bdfd6d2ea9674284c4f285294ab086aff60d9be4e5d7d2f3c1a2b05b7,1330
    pantry-tree:
      size: 330
      sha256: ae84d4cc0e1daf985db6cdcf2ac92319531b8e60f547183cc46480d00aafbe20
  original:
    hackage: classy-prelude-yesod-1.5.0
- completed:
    hackage: language-javascript-0.7.0.0@sha256:3eab0262b8ac5621936a4beab6a0f97d0e00a63455a8b0e3ac1547b4088dae7d,3898
    pantry-tree:
      size: 2244
      sha256: b0f28d836cb3fbde203fd7318a896c3a20acd8653a905e1950ae2d9a64bccebf
  original:
    hackage: language-javascript-0.7.0.0
- completed:
    hackage: purescript-0.15.0@sha256:901d26379aa58203103244fe190e840babcff60fc712b595ae8cc80978ffb35c,20095
    pantry-tree:
      size: 145589
      sha256: ba91174893b844de7093ddf71e815003c52b85b7ffe9dd289b4d35ddbb585a60
  original:
    hackage: purescript-0.15.0
- completed:
    hackage: monoidal-containers-0.6.2.0@sha256:124941d70df5e2928b4c6db605a1d0464e68c2c6b02e426db24a40194d43821d,2219
    pantry-tree:
      size: 569
      sha256: 07ceac751866bad09af45df7d0ae97420d659221e8a0d85407705dcda1f6e89b
  original:
    hackage: monoidal-containers-0.6.2.0
- completed:
    hackage: process-1.6.13.1@sha256:c8bb8b7c993ff72d771381b3b56852dd154bce51880a24789c11f57b0688d353,2963
    pantry-tree:
      size: 1543
      sha256: 58117b15fa330c79b3bca6b29c65f815e45840f79cc0915d3434f25e54ac8fa5
  original:
    hackage: process-1.6.13.1
- completed:
    hackage: Cabal-3.2.1.0@sha256:8743076ec022296f9771d962000c9ca3a0fe02e68c37b992c63e382a675f791d,27482
    pantry-tree:
      size: 41224
      sha256: 92682a2aab8d967de341acff88525376eb9a31f53f094e0878c51c2886564f3a
  original:
    hackage: Cabal-3.2.1.0
snapshots:
- completed:
    size: 586286
    url: https://raw.githubusercontent.com/commercialhaskell/stackage-snapshots/master/lts/18/15.yaml
    sha256: 2c9cb11d7aa0656bf28672dcb2414ab21e3ba9ea83ca170c216b2c2fc7e55856
  original: lts-18.15
